
Microsoft Visual Studio Solution File, Format Version 12.00
# Visual Studio 15
VisualStudioVersion = 15.0.26730.15
MinimumVisualStudioVersion = 10.0.40219.1
Project("{FAE04EC0-301F-11D3-BF4B-00C04F79EFBC}") = "ReffPrice", "ReffPrice\ReffPrice.csproj", "{074B6035-3000-42F6-90DC-1C2CCB6304A6}"
EndProject
Global
	GlobalSection(SolutionConfigurationPlatforms) = preSolution
		Debug|Any CPU = Debug|Any CPU
		Release|Any CPU = Release|Any CPU
	EndGlobalSection
	GlobalSection(ProjectConfigurationPlatforms) = postSolution
		{074B6035-3000-42F6-90DC-1C2CCB6304A6}.Debug|Any CPU.ActiveCfg = Debug|Any CPU
		{074B6035-3000-42F6-90DC-1C2CCB6304A6}.Debug|Any CPU.Build.0 = Debug|Any CPU
		{074B6035-3000-42F6-90DC-1C2CCB6304A6}.Release|Any CPU.ActiveCfg = Release|Any CPU
		{074B6035-3000-42F6-90DC-1C2CCB6304A6}.Release|Any CPU.Build.0 = Release|Any CPU
	EndGlobalSection
	GlobalSection(SolutionProperties) = preSolution
		HideSolutionNode = FALSE
	EndGlobalSection
	GlobalSection(ExtensibilityGlobals) = postSolution
		SolutionGuid = {F37BA972-DB85-43E3-9607-01A6B6CFAC1A}
	EndGlobalSection
EndGlobal
